
Microsoft Visual Studio Solution File, Format Version 12.00
# Visual Studio Version 17
VisualStudioVersion = 17.10.35004.147
MinimumVisualStudioVersion = 10.0.40219.1
Project("{FAE04EC0-301F-11D3-BF4B-00C04F79EFBC}") = "Demo_Project", "Demo_Project\Demo_Project.csproj", "{55A0B03C-0355-4781-9DF2-3E413F8D3473}"
EndProject
Global
	GlobalSection(SolutionConfigurationPlatforms) = preSolution
		Debug|Any CPU = Debug|Any CPU
		Release|Any CPU = Release|Any CPU
	EndGlobalSection
	GlobalSection(ProjectConfigurationPlatforms) = postSolution
		{55A0B03C-0355-4781-9DF2-3E413F8D3473}.Debug|Any CPU.ActiveCfg = Debug|Any CPU
		{55A0B03C-0355-4781-9DF2-3E413F8D3473}.Debug|Any CPU.Build.0 = Debug|Any CPU
		{55A0B03C-0355-4781-9DF2-3E413F8D3473}.Release|Any CPU.ActiveCfg = Release|Any CPU
		{55A0B03C-0355-4781-9DF2-3E413F8D3473}.Release|Any CPU.Build.0 = Release|Any CPU
	EndGlobalSection
	GlobalSection(SolutionProperties) = preSolution
		HideSolutionNode = FALSE
	EndGlobalSection
	GlobalSection(ExtensibilityGlobals) = postSolution
		SolutionGuid = {43F46861-00D8-49B8-B6A4-0F6F3803F047}
	EndGlobalSection
EndGlobal
